<?xml version="1.0" encoding="utf-8"?>
<Project ToolsVersion="4.0" xmlns="http://schemas.microsoft.com/developer/msbuild/2003">
  <ItemGroup>
    <Filter Include="Header Files">
      <UniqueIdentifier>{63521e74-cc19-431d-9074-e3ee560779a8}</UniqueIdentifier>
    </Filter>
    <Filter Include="Source Files">
      <UniqueIdentifier>{225ebaed-e884-4a35-8a4a-73b9a7bcbfcf}</UniqueIdentifier>
    </Filter>
  </ItemGroup>
  <ItemGroup>
    <ClCompile Include="onidriver_riffa.c">
      <Filter>Source Files</Filter>
    </ClCompile>
  </ItemGroup>
</Project>