
Microsoft Visual Studio Solution File, Format Version 12.00
# Visual Studio Version 16
VisualStudioVersion = 16.0.30204.135
MinimumVisualStudioVersion = 10.0.40219.1
Project("{9A19103F-16F7-4668-BE54-9A1E7A4F7556}") = "clroni", "clroni\clroni.csproj", "{1524A9F6-323D-472D-B2F0-CADAEA637FD2}"
EndProject
Project("{2150E333-8FDC-42A3-9474-1A3956D46DE8}") = "Solution Items", "Solution Items", "{E23F8A7C-CA61-4B9A-B9D8-4BB6796F674D}"
EndProject
Project("{9A19103F-16F7-4668-BE54-9A1E7A4F7556}") = "clroni-test", "clroni-test\clroni-test.csproj", "{6BFA4C56-33AD-41C7-B88D-8C56F404448A}"
EndProject
Global
	GlobalSection(SolutionConfigurationPlatforms) = preSolution
		Debug|Any CPU = Debug|Any CPU
		Debug|x64 = Debug|x64
		Release|Any CPU = Release|Any CPU
		Release|x64 = Release|x64
	EndGlobalSection
	GlobalSection(ProjectConfigurationPlatforms) = postSolution
		{1524A9F6-323D-472D-B2F0-CADAEA637FD2}.Debug|Any CPU.ActiveCfg = Debug|Any CPU
		{1524A9F6-323D-472D-B2F0-CADAEA637FD2}.Debug|Any CPU.Build.0 = Debug|Any CPU
		{1524A9F6-323D-472D-B2F0-CADAEA637FD2}.Debug|x64.ActiveCfg = Debug|x64
		{1524A9F6-323D-472D-B2F0-CADAEA637FD2}.Debug|x64.Build.0 = Debug|x64
		{1524A9F6-323D-472D-B2F0-CADAEA637FD2}.Release|Any CPU.ActiveCfg = Release|Any CPU
		{1524A9F6-323D-472D-B2F0-CADAEA637FD2}.Release|Any CPU.Build.0 = Release|Any CPU
		{1524A9F6-323D-472D-B2F0-CADAEA637FD2}.Release|x64.ActiveCfg = Release|x64
		{1524A9F6-323D-472D-B2F0-CADAEA637FD2}.Release|x64.Build.0 = Release|x64
		{6BFA4C56-33AD-41C7-B88D-8C56F404448A}.Debug|Any CPU.ActiveCfg = Debug|Any CPU
		{6BFA4C56-33AD-41C7-B88D-8C56F404448A}.Debug|Any CPU.Build.0 = Debug|Any CPU
		{6BFA4C56-33AD-41C7-B88D-8C56F404448A}.Debug|x64.ActiveCfg = Debug|x64
		{6BFA4C56-33AD-41C7-B88D-8C56F404448A}.Debug|x64.Build.0 = Debug|x64
		{6BFA4C56-33AD-41C7-B88D-8C56F404448A}.Release|Any CPU.ActiveCfg = Release|Any CPU
		{6BFA4C56-33AD-41C7-B88D-8C56F404448A}.Release|Any CPU.Build.0 = Release|Any CPU
		{6BFA4C56-33AD-41C7-B88D-8C56F404448A}.Release|x64.ActiveCfg = Release|x64
		{6BFA4C56-33AD-41C7-B88D-8C56F404448A}.Release|x64.Build.0 = Release|x64
	EndGlobalSection
	GlobalSection(SolutionProperties) = preSolution
		HideSolutionNode = FALSE
	EndGlobalSection
	GlobalSection(ExtensibilityGlobals) = postSolution
		SolutionGuid = {48AAEC32-BFA6-48B6-855B-86DF08B79630}
	EndGlobalSection
EndGlobal
