
Microsoft Visual Studio Solution File, Format Version 12.00
# Visual Studio 15
VisualStudioVersion = 15.0.27130.2036
MinimumVisualStudioVersion = 10.0.40219.1
Project("{8BC9CEB8-8B4A-11D0-8D11-00A0C91BC942}") = "liboni-test", "liboni-test\liboni-test.vcxproj", "{875641A8-A2C1-4B2A-9F04-C71C3887724A}"
	ProjectSection(ProjectDependencies) = postProject
		{D26D81AE-7407-4922-8E13-C3B84EB2B18B} = {D26D81AE-7407-4922-8E13-C3B84EB2B18B}
	EndProjectSection
EndProject
Project("{8BC9CEB8-8B4A-11D0-8D11-00A0C91BC942}") = "liboni", "liboni.vcxproj", "{0B6B9ACA-75DE-4776-A6CA-B4123ED59F1D}"
EndProject
Project("{8BC9CEB8-8B4A-11D0-8D11-00A0C91BC942}") = "onidriver_xillybus", "drivers\xillybus\onidriver_xillybus.vcxproj", "{D26D81AE-7407-4922-8E13-C3B84EB2B18B}"
EndProject
Project("{8BC9CEB8-8B4A-11D0-8D11-00A0C91BC942}") = "onidriver_riffa", "drivers\riffa\onidriver_riffa.vcxproj", "{2EEE4EEA-F12C-4087-81EF-1EB27CE2036B}"
EndProject
Global
	GlobalSection(SolutionConfigurationPlatforms) = preSolution
		Debug|x64 = Debug|x64
		Debug|x86 = Debug|x86
		Release|x64 = Release|x64
		Release|x86 = Release|x86
	EndGlobalSection
	GlobalSection(ProjectConfigurationPlatforms) = postSolution
		{875641A8-A2C1-4B2A-9F04-C71C3887724A}.Debug|x64.ActiveCfg = Debug|x64
		{875641A8-A2C1-4B2A-9F04-C71C3887724A}.Debug|x64.Build.0 = Debug|x64
		{875641A8-A2C1-4B2A-9F04-C71C3887724A}.Debug|x86.ActiveCfg = Debug|Win32
		{875641A8-A2C1-4B2A-9F04-C71C3887724A}.Debug|x86.Build.0 = Debug|Win32
		{875641A8-A2C1-4B2A-9F04-C71C3887724A}.Release|x64.ActiveCfg = Release|x64
		{875641A8-A2C1-4B2A-9F04-C71C3887724A}.Release|x64.Build.0 = Release|x64
		{875641A8-A2C1-4B2A-9F04-C71C3887724A}.Release|x86.ActiveCfg = Release|Win32
		{875641A8-A2C1-4B2A-9F04-C71C3887724A}.Release|x86.Build.0 = Release|Win32
		{0B6B9ACA-75DE-4776-A6CA-B4123ED59F1D}.Debug|x64.ActiveCfg = Debug|x64
		{0B6B9ACA-75DE-4776-A6CA-B4123ED59F1D}.Debug|x64.Build.0 = Debug|x64
		{0B6B9ACA-75DE-4776-A6CA-B4123ED59F1D}.Debug|x86.ActiveCfg = Debug|Win32
		{0B6B9ACA-75DE-4776-A6CA-B4123ED59F1D}.Debug|x86.Build.0 = Debug|Win32
		{0B6B9ACA-75DE-4776-A6CA-B4123ED59F1D}.Release|x64.ActiveCfg = Release|x64
		{0B6B9ACA-75DE-4776-A6CA-B4123ED59F1D}.Release|x64.Build.0 = Release|x64
		{0B6B9ACA-75DE-4776-A6CA-B4123ED59F1D}.Release|x86.ActiveCfg = Release|Win32
		{0B6B9ACA-75DE-4776-A6CA-B4123ED59F1D}.Release|x86.Build.0 = Release|Win32
		{D26D81AE-7407-4922-8E13-C3B84EB2B18B}.Debug|x64.ActiveCfg = Debug|x64
		{D26D81AE-7407-4922-8E13-C3B84EB2B18B}.Debug|x64.Build.0 = Debug|x64
		{D26D81AE-7407-4922-8E13-C3B84EB2B18B}.Debug|x86.ActiveCfg = Debug|Win32
		{D26D81AE-7407-4922-8E13-C3B84EB2B18B}.Debug|x86.Build.0 = Debug|Win32
		{D26D81AE-7407-4922-8E13-C3B84EB2B18B}.Release|x64.ActiveCfg = Release|x64
		{D26D81AE-7407-4922-8E13-C3B84EB2B18B}.Release|x64.Build.0 = Release|x64
		{D26D81AE-7407-4922-8E13-C3B84EB2B18B}.Release|x86.ActiveCfg = Release|Win32
		{D26D81AE-7407-4922-8E13-C3B84EB2B18B}.Release|x86.Build.0 = Release|Win32
		{2EEE4EEA-F12C-4087-81EF-1EB27CE2036B}.Debug|x64.ActiveCfg = Debug|x64
		{2EEE4EEA-F12C-4087-81EF-1EB27CE2036B}.Debug|x64.Build.0 = Debug|x64
		{2EEE4EEA-F12C-4087-81EF-1EB27CE2036B}.Debug|x86.ActiveCfg = Debug|Win32
		{2EEE4EEA-F12C-4087-81EF-1EB27CE2036B}.Debug|x86.Build.0 = Debug|Win32
		{2EEE4EEA-F12C-4087-81EF-1EB27CE2036B}.Release|x64.ActiveCfg = Release|x64
		{2EEE4EEA-F12C-4087-81EF-1EB27CE2036B}.Release|x64.Build.0 = Release|x64
		{2EEE4EEA-F12C-4087-81EF-1EB27CE2036B}.Release|x86.ActiveCfg = Release|Win32
		{2EEE4EEA-F12C-4087-81EF-1EB27CE2036B}.Release|x86.Build.0 = Release|Win32
	EndGlobalSection
	GlobalSection(SolutionProperties) = preSolution
		HideSolutionNode = FALSE
	EndGlobalSection
	GlobalSection(ExtensibilityGlobals) = postSolution
		SolutionGuid = {9006B8A4-FE0D-4DAC-9D35-698AC8D8D821}
	EndGlobalSection
EndGlobal
